{
    "_readme": [
        "This file locks the dependencies of your project to a known state",
        "Read more about it at https://getcomposer.org/doc/01-basic-usage.md#installing-dependencies",
        "This file is @generated automatically"
    ],
    "content-hash": "1f68bbcecd37d2029ac0932f77005886",
    "packages": [
        {
            "name": "cloutier/php-ipfs-api",
            "version": "0.0.6",
            "source": {
                "type": "git",
                "url": "https://github.com/cloutier/php-ipfs-api.git",
                "reference": "4b60da3adf76105bd1650d24e277a482809664eb"
            },
            "dist": {
                "type": "zip",
                "url": "https://api.github.com/repos/cloutier/php-ipfs-api/zipball/4b60da3adf76105bd1650d24e277a482809664eb",
                "reference": "4b60da3adf76105bd1650d24e277a482809664eb",
                "shasum": ""
            },
            "require": {
                "ext-curl": "*",
                "php": ">=5.3.0"
            },
            "type": "library",
            "autoload": {
                "psr-4": {
                    "Cloutier\\PhpIpfsApi\\": "src/"
                }
            },
            "notification-url": "https://packagist.org/downloads/",
            "license": [
                "MIT"
            ],
            "authors": [
                {
                    "name": "Vincent Cloutier",
                    "email": "vincent@cloutier.co",
                    "homepage": "http://vincent.cloutier.co",
                    "role": "Developer"
                }
            ],
            "description": "A client library for the IPFS API",
            "homepage": "https://github.com/cloutier/php-ipfs-api",
            "keywords": [
                "ipfs"
            ],
            "support": {
                "issues": "https://github.com/cloutier/php-ipfs-api/issues",
                "source": "https://github.com/cloutier/php-ipfs-api/tree/master"
            },
            "time": "2016-09-11T15:34:38+00:00"
        }
    ],
    "packages-dev": [],
    "aliases": [],
    "minimum-stability": "stable",
    "stability-flags": [],
    "prefer-stable": false,
    "prefer-lowest": false,
    "platform": [],
    "platform-dev": [],
    "plugin-api-version": "2.3.0"
}
